// !$*UTF8*$!
{
	archiveVersion = 1;
	classes = {
	};
	objectVersion = 46;
	objects = {

/* Begin PBXBuildFile section */
		38F1A41ADE474A7E979DC6E1 /* libPods.a in Frameworks */ = {isa = PBXBuildFile; fileRef = 9B9AB3CA1FBF45C8AD4C0DFC /* libPods.a */; };
		8328AAA51939148D0072E8D6 /* Foundation.framework in Frameworks */ = {isa = PBXBuildFile; fileRef = 8328AAA41939148D0072E8D6 /* Foundation.framework */; };
		8328AAA71939148D0072E8D6 /* CoreGraphics.framework in Frameworks */ = {isa = PBXBuildFile; fileRef = 8328AAA61939148D0072E8D6 /* CoreGraphics.framework */; };
		8328AAA91939148D0072E8D6 /* UIKit.framework in Frameworks */ = {isa = PBXBuildFile; fileRef = 8328AAA81939148D0072E8D6 /* UIKit.framework */; };
		8328AAAF1939148D0072E8D6 /* InfoPlist.strings in Resources */ = {isa = PBXBuildFile; fileRef = 8328AAAD1939148D0072E8D6 /* InfoPlist.strings */; };
		8328AAB11939148D0072E8D6 /* main.m in Sources */ = {isa = PBXBuildFile; fileRef = 8328AAB01939148D0072E8D6 /* main.m */; };
		8328AAB51939148D0072E8D6 /* DPAppDelegate.m in Sources */ = {isa = PBXBuildFile; fileRef = 8328AAB41939148D0072E8D6 /* DPAppDelegate.m */; };
		8328AAB71939148D0072E8D6 /* Images.xcassets in Resources */ = {isa = PBXBuildFile; fileRef = 8328AAB61939148D0072E8D6 /* Images.xcassets */; };
		8328AABE1939148D0072E8D6 /* XCTest.framework in Frameworks */ = {isa = PBXBuildFile; fileRef = 8328AABD1939148D0072E8D6 /* XCTest.framework */; };
		8328AABF1939148D0072E8D6 /* Foundation.framework in Frameworks */ = {isa = PBXBuildFile; fileRef = 8328AAA41939148D0072E8D6 /* Foundation.framework */; };
		8328AAC01939148D0072E8D6 /* UIKit.framework in Frameworks */ = {isa = PBXBuildFile; fileRef = 8328AAA81939148D0072E8D6 /* UIKit.framework */; };
		8328AAC81939148D0072E8D6 /* InfoPlist.strings in Resources */ = {isa = PBXBuildFile; fileRef = 8328AAC61939148D0072E8D6 /* InfoPlist.strings */; };
		8328AACA1939148D0072E8D6 /* Drink_AppTests.m in Sources */ = {isa = PBXBuildFile; fileRef = 8328AAC91939148D0072E8D6 /* Drink_AppTests.m */; };
		836953481939423000EC3ED6 /* DPRootViewController.m in Sources */ = {isa = PBXBuildFile; fileRef = 836953471939423000EC3ED6 /* DPRootViewController.m */; };
		8369534B193942B600EC3ED6 /* DPData.xcdatamodeld in Sources */ = {isa = PBXBuildFile; fileRef = 83695349193942B600EC3ED6 /* DPData.xcdatamodeld */; };
		83CED8DB1939170900662E72 /* Main.storyboard in Resources */ = {isa = PBXBuildFile; fileRef = 83CED8DA1939170900662E72 /* Main.storyboard */; };
		83CED8DD193938AA00662E72 /* CoreLocation.framework in Frameworks */ = {isa = PBXBuildFile; fileRef = 83CED8DC193938AA00662E72 /* CoreLocation.framework */; };
/* End PBXBuildFile section */

/* Begin PBXContainerItemProxy section */
		8328AAC11939148D0072E8D6 /* PBXContainerItemProxy */ = {
			isa = PBXContainerItemProxy;
			containerPortal = 8328AA991939148D0072E8D6 /* Project object */;
			proxyType = 1;
			remoteGlobalIDString = 8328AAA01939148D0072E8D6;
			remoteInfo = "Drink App";
		};
/* End PBXContainerItemProxy section */

/* Begin PBXFileReference section */
		8328AAA11939148D0072E8D6 /* Drink App.app */ = {isa = PBXFileReference; explicitFileType = wrapper.application; includeInIndex = 0; path = "Drink App.app"; sourceTree = BUILT_PRODUCTS_DIR; };
		8328AAA41939148D0072E8D6 /* Foundation.framework */ = {isa = PBXFileReference; lastKnownFileType = wrapper.framework; name = Foundation.framework; path = System/Library/Frameworks/Foundation.framework; sourceTree = SDKROOT; };
		8328AAA61939148D0072E8D6 /* CoreGraphics.framework */ = {isa = PBXFileReference; lastKnownFileType = wrapper.framework; name = CoreGraphics.framework; path = System/Library/Frameworks/CoreGraphics.framework; sourceTree = SDKROOT; };
		8328AAA81939148D0072E8D6 /* UIKit.framework */ = {isa = PBXFileReference; lastKnownFileType = wrapper.framework; name = UIKit.framework; path = System/Library/Frameworks/UIKit.framework; sourceTree = SDKROOT; };
		8328AAAC1939148D0072E8D6 /* Drink App-Info.plist */ = {isa = PBXFileReference; lastKnownFileType = text.plist.xml; path = "Drink App-Info.plist"; sourceTree = "<group>"; };
		8328AAAE1939148D0072E8D6 /* en */ = {isa = PBXFileReference; lastKnownFileType = text.plist.strings; name = en; path = en.lproj/InfoPlist.strings; sourceTree = "<group>"; };
		8328AAB01939148D0072E8D6 /* main.m */ = {isa = PBXFileReference; lastKnownFileType = sourcecode.c.objc; path = main.m; sourceTree = "<group>"; };
		8328AAB21939148D0072E8D6 /* Drink App-Prefix.pch */ = {isa = PBXFileReference; lastKnownFileType = sourcecode.c.h; path = "Drink App-Prefix.pch"; sourceTree = "<group>"; };
		8328AAB31939148D0072E8D6 /* DPAppDelegate.h */ = {isa = PBXFileReference; lastKnownFileType = sourcecode.c.h; path = DPAppDelegate.h; sourceTree = "<group>"; };
		8328AAB41939148D0072E8D6 /* DPAppDelegate.m */ = {isa = PBXFileReference; lastKnownFileType = sourcecode.c.objc; path = DPAppDelegate.m; sourceTree = "<group>"; };
		8328AAB61939148D0072E8D6 /* Images.xcassets */ = {isa = PBXFileReference; lastKnownFileType = folder.assetcatalog; path = Images.xcassets; sourceTree = "<group>"; };
		8328AABC1939148D0072E8D6 /* Drink AppTests.xctest */ = {isa = PBXFileReference; explicitFileType = wrapper.cfbundle; includeInIndex = 0; path = "Drink AppTests.xctest"; sourceTree = BUILT_PRODUCTS_DIR; };
		8328AABD1939148D0072E8D6 /* XCTest.framework */ = {isa = PBXFileReference; lastKnownFileType = wrapper.framework; name = XCTest.framework; path = Library/Frameworks/XCTest.framework; sourceTree = DEVELOPER_DIR; };
		8328AAC51939148D0072E8D6 /* Drink AppTests-Info.plist */ = {isa = PBXFileReference; lastKnownFileType = text.plist.xml; path = "Drink AppTests-Info.plist"; sourceTree = "<group>"; };
		8328AAC71939148D0072E8D6 /* en */ = {isa = PBXFileReference; lastKnownFileType = text.plist.strings; name = en; path = en.lproj/InfoPlist.strings; sourceTree = "<group>"; };
		8328AAC91939148D0072E8D6 /* Drink_AppTests.m */ = {isa = PBXFileReference; lastKnownFileType = sourcecode.c.objc; path = Drink_AppTests.m; sourceTree = "<group>"; };
		836953461939423000EC3ED6 /* DPRootViewController.h */ = {isa = PBXFileReference; fileEncoding = 4; lastKnownFileType = sourcecode.c.h; path = DPRootViewController.h; sourceTree = "<group>"; };
		836953471939423000EC3ED6 /* DPRootViewController.m */ = {isa = PBXFileReference; fileEncoding = 4; lastKnownFileType = sourcecode.c.objc; path = DPRootViewController.m; sourceTree = "<group>"; };
		8369534A193942B600EC3ED6 /* DPData.xcdatamodel */ = {isa = PBXFileReference; lastKnownFileType = wrapper.xcdatamodel; path = DPData.xcdatamodel; sourceTree = "<group>"; };
		83CED8DA1939170900662E72 /* Main.storyboard */ = {isa = PBXFileReference; fileEncoding = 4; lastKnownFileType = file.storyboard; path = Main.storyboard; sourceTree = "<group>"; };
		83CED8DC193938AA00662E72 /* CoreLocation.framework */ = {isa = PBXFileReference; lastKnownFileType = wrapper.framework; name = CoreLocation.framework; path = System/Library/Frameworks/CoreLocation.framework; sourceTree = SDKROOT; };
		83CED8DE193938B100662E72 /* CoreBluetooth.framework */ = {isa = PBXFileReference; lastKnownFileType = wrapper.framework; name = CoreBluetooth.framework; path = System/Library/Frameworks/CoreBluetooth.framework; sourceTree = SDKROOT; };
		9B9AB3CA1FBF45C8AD4C0DFC /* libPods.a */ = {isa = PBXFileReference; explicitFileType = archive.ar; includeInIndex = 0; path = libPods.a; sourceTree = BUILT_PRODUCTS_DIR; };
		D0D099911F214337946F612C /* Pods.xcconfig */ = {isa = PBXFileReference; includeInIndex = 1; lastKnownFileType = text.xcconfig; name = Pods.xcconfig; path = Pods/Pods.xcconfig; sourceTree = "<group>"; };
/* End PBXFileReference section */

/* Begin PBXFrameworksBuildPhase section */
		8328AA9E1939148D0072E8D6 /* Frameworks */ = {
			isa = PBXFrameworksBuildPhase;
			buildActionMask = 2147483647;
			files = (
				83CED8DD193938AA00662E72 /* CoreLocation.framework in Frameworks */,
				8328AAA71939148D0072E8D6 /* CoreGraphics.framework in Frameworks */,
				8328AAA91939148D0072E8D6 /* UIKit.framework in Frameworks */,
				8328AAA51939148D0072E8D6 /* Foundation.framework in Frameworks */,
				38F1A41ADE474A7E979DC6E1 /* libPods.a in Frameworks */,
			);
			runOnlyForDeploymentPostprocessing = 0;
		};
		8328AAB91939148D0072E8D6 /* Frameworks */ = {
			isa = PBXFrameworksBuildPhase;
			buildActionMask = 2147483647;
			files = (
				8328AABE1939148D0072E8D6 /* XCTest.framework in Frameworks */,
				8328AAC01939148D0072E8D6 /* UIKit.framework in Frameworks */,
				8328AABF1939148D0072E8D6 /* Foundation.framework in Frameworks */,
			);
			runOnlyForDeploymentPostprocessing = 0;
		};
/* End PBXFrameworksBuildPhase section */

/* Begin PBXGroup section */
		8328AA981939148D0072E8D6 = {
			isa = PBXGroup;
			children = (
				8328AAAA1939148D0072E8D6 /* Drink App */,
				8328AAC31939148D0072E8D6 /* Drink AppTests */,
				8328AAA31939148D0072E8D6 /* Frameworks */,
				8328AAA21939148D0072E8D6 /* Products */,
				D0D099911F214337946F612C /* Pods.xcconfig */,
			);
			sourceTree = "<group>";
		};
		8328AAA21939148D0072E8D6 /* Products */ = {
			isa = PBXGroup;
			children = (
				8328AAA11939148D0072E8D6 /* Drink App.app */,
				8328AABC1939148D0072E8D6 /* Drink AppTests.xctest */,
			);
			name = Products;
			sourceTree = "<group>";
		};
		8328AAA31939148D0072E8D6 /* Frameworks */ = {
			isa = PBXGroup;
			children = (
				83CED8DE193938B100662E72 /* CoreBluetooth.framework */,
				83CED8DC193938AA00662E72 /* CoreLocation.framework */,
				8328AAA41939148D0072E8D6 /* Foundation.framework */,
				8328AAA61939148D0072E8D6 /* CoreGraphics.framework */,
				8328AAA81939148D0072E8D6 /* UIKit.framework */,
				8328AABD1939148D0072E8D6 /* XCTest.framework */,
				9B9AB3CA1FBF45C8AD4C0DFC /* libPods.a */,
			);
			name = Frameworks;
			sourceTree = "<group>";
		};
		8328AAAA1939148D0072E8D6 /* Drink App */ = {
			isa = PBXGroup;
			children = (
				8328AAAB1939148D0072E8D6 /* Application */,
				836953431939411300EC3ED6 /* Controllers */,
				836953441939415400EC3ED6 /* Models */,
				836953451939415900EC3ED6 /* Resources */,
			);
			path = "Drink App";
			sourceTree = "<group>";
		};
		8328AAAB1939148D0072E8D6 /* Application */ = {
			isa = PBXGroup;
			children = (
				8328AAB31939148D0072E8D6 /* DPAppDelegate.h */,
				8328AAB41939148D0072E8D6 /* DPAppDelegate.m */,
				8328AAAC1939148D0072E8D6 /* Drink App-Info.plist */,
				8328AAAD1939148D0072E8D6 /* InfoPlist.strings */,
				8328AAB01939148D0072E8D6 /* main.m */,
				8328AAB21939148D0072E8D6 /* Drink App-Prefix.pch */,
			);
			name = Application;
			sourceTree = "<group>";
		};
		8328AAC31939148D0072E8D6 /* Drink AppTests */ = {
			isa = PBXGroup;
			children = (
				8328AAC91939148D0072E8D6 /* Drink_AppTests.m */,
				8328AAC41939148D0072E8D6 /* Supporting Files */,
			);
			path = "Drink AppTests";
			sourceTree = "<group>";
		};
		8328AAC41939148D0072E8D6 /* Supporting Files */ = {
			isa = PBXGroup;
			children = (
				8328AAC51939148D0072E8D6 /* Drink AppTests-Info.plist */,
				8328AAC61939148D0072E8D6 /* InfoPlist.strings */,
			);
			name = "Supporting Files";
			sourceTree = "<group>";
		};
		836953431939411300EC3ED6 /* Controllers */ = {
			isa = PBXGroup;
			children = (
				83CED8DA1939170900662E72 /* Main.storyboard */,
				836953461939423000EC3ED6 /* DPRootViewController.h */,
				836953471939423000EC3ED6 /* DPRootViewController.m */,
			);
			name = Controllers;
			sourceTree = "<group>";
		};
		836953441939415400EC3ED6 /* Models */ = {
			isa = PBXGroup;
			children = (
				83695349193942B600EC3ED6 /* DPData.xcdatamodeld */,
			);
			name = Models;
			sourceTree = "<group>";
		};
		836953451939415900EC3ED6 /* Resources */ = {
			isa = PBXGroup;
			children = (
				8328AAB61939148D0072E8D6 /* Images.xcassets */,
			);
			name = Resources;
			sourceTree = "<group>";
		};
/* End PBXGroup section */

/* Begin PBXNativeTarget section */
		8328AAA01939148D0072E8D6 /* Drink App */ = {
			isa = PBXNativeTarget;
			buildConfigurationList = 8328AACD1939148D0072E8D6 /* Build configuration list for PBXNativeTarget "Drink App" */;
			buildPhases = (
				7B7385F259BE442C8B8E572C /* Check Pods Manifest.lock */,
				8328AA9D1939148D0072E8D6 /* Sources */,
				8328AA9E1939148D0072E8D6 /* Frameworks */,
				8328AA9F1939148D0072E8D6 /* Resources */,
				C20AF875FB7349CFB99A7322 /* Copy Pods Resources */,
			);
			buildRules = (
			);
			dependencies = (
			);
			name = "Drink App";
			productName = "Drink App";
			productReference = 8328AAA11939148D0072E8D6 /* Drink App.app */;
			productType = "com.apple.product-type.application";
		};
		8328AABB1939148D0072E8D6 /* Drink AppTests */ = {
			isa = PBXNativeTarget;
			buildConfigurationList = 8328AAD01939148D0072E8D6 /* Build configuration list for PBXNativeTarget "Drink AppTests" */;
			buildPhases = (
				8328AAB81939148D0072E8D6 /* Sources */,
				8328AAB91939148D0072E8D6 /* Frameworks */,
				8328AABA1939148D0072E8D6 /* Resources */,
			);
			buildRules = (
			);
			dependencies = (
				8328AAC21939148D0072E8D6 /* PBXTargetDependency */,
			);
			name = "Drink AppTests";
			productName = "Drink AppTests";
			productReference = 8328AABC1939148D0072E8D6 /* Drink AppTests.xctest */;
			productType = "com.apple.product-type.bundle.unit-test";
		};
/* End PBXNativeTarget section */

/* Begin PBXProject section */
		8328AA991939148D0072E8D6 /* Project object */ = {
			isa = PBXProject;
			attributes = {
				CLASSPREFIX = DP;
				LastUpgradeCheck = 0510;
				ORGANIZATIONNAME = "Dr Phillips Center";
				TargetAttributes = {
					8328AAA01939148D0072E8D6 = {
						SystemCapabilities = {
							com.apple.BackgroundModes = {
								enabled = 0;
							};
						};
					};
					8328AABB1939148D0072E8D6 = {
						TestTargetID = 8328AAA01939148D0072E8D6;
					};
				};
			};
			buildConfigurationList = 8328AA9C1939148D0072E8D6 /* Build configuration list for PBXProject "Drink App" */;
			compatibilityVersion = "Xcode 3.2";
			developmentRegion = English;
			hasScannedForEncodings = 0;
			knownRegions = (
				en,
			);
			mainGroup = 8328AA981939148D0072E8D6;
			productRefGroup = 8328AAA21939148D0072E8D6 /* Products */;
			projectDirPath = "";
			projectRoot = "";
			targets = (
				8328AAA01939148D0072E8D6 /* Drink App */,
				8328AABB1939148D0072E8D6 /* Drink AppTests */,
			);
		};
/* End PBXProject section */

/* Begin PBXResourcesBuildPhase section */
		8328AA9F1939148D0072E8D6 /* Resources */ = {
			isa = PBXResourcesBuildPhase;
			buildActionMask = 2147483647;
			files = (
				83CED8DB1939170900662E72 /* Main.storyboard in Resources */,
				8328AAAF1939148D0072E8D6 /* InfoPlist.strings in Resources */,
				8328AAB71939148D0072E8D6 /* Images.xcassets in Resources */,
			);
			runOnlyForDeploymentPostprocessing = 0;
		};
		8328AABA1939148D0072E8D6 /* Resources */ = {
			isa = PBXResourcesBuildPhase;
			buildActionMask = 2147483647;
			files = (
				8328AAC81939148D0072E8D6 /* InfoPlist.strings in Resources */,
			);
			runOnlyForDeploymentPostprocessing = 0;
		};
/* End PBXResourcesBuildPhase section */

/* Begin PBXShellScriptBuildPhase section */
		7B7385F259BE442C8B8E572C /* Check Pods Manifest.lock */ = {
			isa = PBXShellScriptBuildPhase;
			buildActionMask = 2147483647;
			files = (
			);
			inputPaths = (
			);
			name = "Check Pods Manifest.lock";
			outputPaths = (
			);
			runOnlyForDeploymentPostprocessing = 0;
			shellPath = /bin/sh;
			shellScript = "diff \"${PODS_ROOT}/../Podfile.lock\" \"${PODS_ROOT}/Manifest.lock\" > /dev/null\nif [[ $? != 0 ]] ; then\n    cat << EOM\nerror: The sandbox is not in sync with the Podfile.lock. Run 'pod install' or update your CocoaPods installation.\nEOM\n    exit 1\nfi\n";
			showEnvVarsInLog = 0;
		};
		C20AF875FB7349CFB99A7322 /* Copy Pods Resources */ = {
			isa = PBXShellScriptBuildPhase;
			buildActionMask = 2147483647;
			files = (
			);
			inputPaths = (
			);
			name = "Copy Pods Resources";
			outputPaths = (
			);
			runOnlyForDeploymentPostprocessing = 0;
			shellPath = /bin/sh;
			shellScript = "\"${SRCROOT}/Pods/Pods-resources.sh\"\n";
			showEnvVarsInLog = 0;
		};
/* End PBXShellScriptBuildPhase section */

/* Begin PBXSourcesBuildPhase section */
		8328AA9D1939148D0072E8D6 /* Sources */ = {
			isa = PBXSourcesBuildPhase;
			buildActionMask = 2147483647;
			files = (
				8328AAB11939148D0072E8D6 /* main.m in Sources */,
				8369534B193942B600EC3ED6 /* DPData.xcdatamodeld in Sources */,
				8328AAB51939148D0072E8D6 /* DPAppDelegate.m in Sources */,
				836953481939423000EC3ED6 /* DPRootViewController.m in Sources */,
			);
			runOnlyForDeploymentPostprocessing = 0;
		};
		8328AAB81939148D0072E8D6 /* Sources */ = {
			isa = PBXSourcesBuildPhase;
			buildActionMask = 2147483647;
			files = (
				8328AACA1939148D0072E8D6 /* Drink_AppTests.m in Sources */,
			);
			runOnlyForDeploymentPostprocessing = 0;
		};
/* End PBXSourcesBuildPhase section */

/* Begin PBXTargetDependency section */
		8328AAC21939148D0072E8D6 /* PBXTargetDependency */ = {
			isa = PBXTargetDependency;
			target = 8328AAA01939148D0072E8D6 /* Drink App */;
			targetProxy = 8328AAC11939148D0072E8D6 /* PBXContainerItemProxy */;
		};
/* End PBXTargetDependency section */

/* Begin PBXVariantGroup section */
		8328AAAD1939148D0072E8D6 /* InfoPlist.strings */ = {
			isa = PBXVariantGroup;
			children = (
				8328AAAE1939148D0072E8D6 /* en */,
			);
			name = InfoPlist.strings;
			sourceTree = "<group>";
		};
		8328AAC61939148D0072E8D6 /* InfoPlist.strings */ = {
			isa = PBXVariantGroup;
			children = (
				8328AAC71939148D0072E8D6 /* en */,
			);
			name = InfoPlist.strings;
			sourceTree = "<group>";
		};
/* End PBXVariantGroup section */

/* Begin XCBuildConfiguration section */
		8328AACB1939148D0072E8D6 /* Debug */ = {
			isa = XCBuildConfiguration;
			buildSettings = {
				ALWAYS_SEARCH_USER_PATHS = NO;
				CLANG_CXX_LANGUAGE_STANDARD = "gnu++0x";
				CLANG_CXX_LIBRARY = "libc++";
				CLANG_ENABLE_MODULES = YES;
				CLANG_ENABLE_OBJC_ARC = YES;
				CLANG_WARN_BOOL_CONVERSION = YES;
				CLANG_WARN_CONSTANT_CONVERSION = YES;
				CLANG_WARN_DIRECT_OBJC_ISA_USAGE = YES_ERROR;
				CLANG_WARN_EMPTY_BODY = YES;
				CLANG_WARN_ENUM_CONVERSION = YES;
				CLANG_WARN_INT_CONVERSION = YES;
				CLANG_WARN_OBJC_ROOT_CLASS = YES_ERROR;
				CLANG_WARN__DUPLICATE_METHOD_MATCH = YES;
				"CODE_SIGN_IDENTITY[sdk=iphoneos*]" = "iPhone Developer";
				COPY_PHASE_STRIP = NO;
				GCC_C_LANGUAGE_STANDARD = gnu99;
				GCC_DYNAMIC_NO_PIC = NO;
				GCC_OPTIMIZATION_LEVEL = 0;
				GCC_PREPROCESSOR_DEFINITIONS = (
					"DEBUG=1",
					"$(inherited)",
				);
				GCC_SYMBOLS_PRIVATE_EXTERN = NO;
				GCC_WARN_64_TO_32_BIT_CONVERSION = YES;
				GCC_WARN_ABOUT_RETURN_TYPE = YES_ERROR;
				GCC_WARN_UNDECLARED_SELECTOR = YES;
				GCC_WARN_UNINITIALIZED_AUTOS = YES_AGGRESSIVE;
				GCC_WARN_UNUSED_FUNCTION = YES;
				GCC_WARN_UNUSED_VARIABLE = YES;
				IPHONEOS_DEPLOYMENT_TARGET = 7.1;
				ONLY_ACTIVE_ARCH = YES;
				SDKROOT = iphoneos;
			};
			name = Debug;
		};
		8328AACC1939148D0072E8D6 /* Release */ = {
			isa = XCBuildConfiguration;
			buildSettings = {
				ALWAYS_SEARCH_USER_PATHS = NO;
				CLANG_CXX_LANGUAGE_STANDARD = "gnu++0x";
				CLANG_CXX_LIBRARY = "libc++";
				CLANG_ENABLE_MODULES = YES;
				CLANG_ENABLE_OBJC_ARC = YES;
				CLANG_WARN_BOOL_CONVERSION = YES;
				CLANG_WARN_CONSTANT_CONVERSION = YES;
				CLANG_WARN_DIRECT_OBJC_ISA_USAGE = YES_ERROR;
				CLANG_WARN_EMPTY_BODY = YES;
				CLANG_WARN_ENUM_CONVERSION = YES;
				CLANG_WARN_INT_CONVERSION = YES;
				CLANG_WARN_OBJC_ROOT_CLASS = YES_ERROR;
				CLANG_WARN__DUPLICATE_METHOD_MATCH = YES;
				"CODE_SIGN_IDENTITY[sdk=iphoneos*]" = "iPhone Developer";
				COPY_PHASE_STRIP = YES;
				ENABLE_NS_ASSERTIONS = NO;
				GCC_C_LANGUAGE_STANDARD = gnu99;
				GCC_WARN_64_TO_32_BIT_CONVERSION = YES;
				GCC_WARN_ABOUT_RETURN_TYPE = YES_ERROR;
				GCC_WARN_UNDECLARED_SELECTOR = YES;
				GCC_WARN_UNINITIALIZED_AUTOS = YES_AGGRESSIVE;
				GCC_WARN_UNUSED_FUNCTION = YES;
				GCC_WARN_UNUSED_VARIABLE = YES;
				IPHONEOS_DEPLOYMENT_TARGET = 7.1;
				SDKROOT = iphoneos;
				VALIDATE_PRODUCT = YES;
			};
			name = Release;
		};
		8328AACE1939148D0072E8D6 /* Debug */ = {
			isa = XCBuildConfiguration;
			baseConfigurationReference = D0D099911F214337946F612C /* Pods.xcconfig */;
			buildSettings = {
				ASSETCATALOG_COMPILER_APPICON_NAME = AppIcon;
				ASSETCATALOG_COMPILER_LAUNCHIMAGE_NAME = LaunchImage;
				GCC_PRECOMPILE_PREFIX_HEADER = YES;
				GCC_PREFIX_HEADER = "Drink App/Drink App-Prefix.pch";
				INFOPLIST_FILE = "Drink App/Drink App-Info.plist";
				PRODUCT_NAME = "$(TARGET_NAME)";
				WRAPPER_EXTENSION = app;
			};
			name = Debug;
		};
		8328AACF1939148D0072E8D6 /* Release */ = {
			isa = XCBuildConfiguration;
			baseConfigurationReference = D0D099911F214337946F612C /* Pods.xcconfig */;
			buildSettings = {
				ASSETCATALOG_COMPILER_APPICON_NAME = AppIcon;
				ASSETCATALOG_COMPILER_LAUNCHIMAGE_NAME = LaunchImage;
				GCC_PRECOMPILE_PREFIX_HEADER = YES;
				GCC_PREFIX_HEADER = "Drink App/Drink App-Prefix.pch";
				INFOPLIST_FILE = "Drink App/Drink App-Info.plist";
				PRODUCT_NAME = "$(TARGET_NAME)";
				WRAPPER_EXTENSION = app;
			};
			name = Release;
		};
		8328AAD11939148D0072E8D6 /* Debug */ = {
			isa = XCBuildConfiguration;
			buildSettings = {
				BUNDLE_LOADER = "$(BUILT_PRODUCTS_DIR)/Drink App.app/Drink App";
				FRAMEWORK_SEARCH_PATHS = (
					"$(SDKROOT)/Developer/Library/Frameworks",
					"$(inherited)",
					"$(DEVELOPER_FRAMEWORKS_DIR)",
				);
				GCC_PRECOMPILE_PREFIX_HEADER = YES;
				GCC_PREFIX_HEADER = "Drink App/Drink App-Prefix.pch";
				GCC_PREPROCESSOR_DEFINITIONS = (
					"DEBUG=1",
					"$(inherited)",
				);
				INFOPLIST_FILE = "Drink AppTests/Drink AppTests-Info.plist";
				PRODUCT_NAME = "$(TARGET_NAME)";
				TEST_HOST = "$(BUNDLE_LOADER)";
				WRAPPER_EXTENSION = xctest;
			};
			name = Debug;
		};
		8328AAD21939148D0072E8D6 /* Release */ = {
			isa = XCBuildConfiguration;
			buildSettings = {
				BUNDLE_LOADER = "$(BUILT_PRODUCTS_DIR)/Drink App.app/Drink App";
				FRAMEWORK_SEARCH_PATHS = (
					"$(SDKROOT)/Developer/Library/Frameworks",
					"$(inherited)",
					"$(DEVELOPER_FRAMEWORKS_DIR)",
				);
				GCC_PRECOMPILE_PREFIX_HEADER = YES;
				GCC_PREFIX_HEADER = "Drink App/Drink App-Prefix.pch";
				INFOPLIST_FILE = "Drink AppTests/Drink AppTests-Info.plist";
				PRODUCT_NAME = "$(TARGET_NAME)";
				TEST_HOST = "$(BUNDLE_LOADER)";
				WRAPPER_EXTENSION = xctest;
			};
			name = Release;
		};
/* End XCBuildConfiguration section */

/* Begin XCConfigurationList section */
		8328AA9C1939148D0072E8D6 /* Build configuration list for PBXProject "Drink App" */ = {
			isa = XCConfigurationList;
			buildConfigurations = (
				8328AACB1939148D0072E8D6 /* Debug */,
				8328AACC1939148D0072E8D6 /* Release */,
			);
			defaultConfigurationIsVisible = 0;
			defaultConfigurationName = Release;
		};
		8328AACD1939148D0072E8D6 /* Build configuration list for PBXNativeTarget "Drink App" */ = {
			isa = XCConfigurationList;
			buildConfigurations = (
				8328AACE1939148D0072E8D6 /* Debug */,
				8328AACF1939148D0072E8D6 /* Release */,
			);
			defaultConfigurationIsVisible = 0;
			defaultConfigurationName = Release;
		};
		8328AAD01939148D0072E8D6 /* Build configuration list for PBXNativeTarget "Drink AppTests" */ = {
			isa = XCConfigurationList;
			buildConfigurations = (
				8328AAD11939148D0072E8D6 /* Debug */,
				8328AAD21939148D0072E8D6 /* Release */,
			);
			defaultConfigurationIsVisible = 0;
			defaultConfigurationName = Release;
		};
/* End XCConfigurationList section */

/* Begin XCVersionGroup section */
		83695349193942B600EC3ED6 /* DPData.xcdatamodeld */ = {
			isa = XCVersionGroup;
			children = (
				8369534A193942B600EC3ED6 /* DPData.xcdatamodel */,
			);
			currentVersion = 8369534A193942B600EC3ED6 /* DPData.xcdatamodel */;
			path = DPData.xcdatamodeld;
			sourceTree = "<group>";
			versionGroupType = wrapper.xcdatamodel;
		};
/* End XCVersionGroup section */
	};
	rootObject = 8328AA991939148D0072E8D6 /* Project object */;
}
