<?xml version="1.0" encoding="UTF-8"?>
<!DOCTYPE plist PUBLIC "-//Apple//DTD PLIST 1.0//EN" "http://www.apple.com/DTDs/PropertyList-1.0.dtd">
<plist version="1.0">
<dict>
	<key>archiveVersion</key>
	<string>1</string>
	<key>classes</key>
	<dict/>
	<key>objectVersion</key>
	<string>46</string>
	<key>objects</key>
	<dict>
		<key>38F1A41ADE474A7E979DC6E1</key>
		<dict>
			<key>fileRef</key>
			<string>9B9AB3CA1FBF45C8AD4C0DFC</string>
			<key>isa</key>
			<string>PBXBuildFile</string>
		</dict>
		<key>7B7385F259BE442C8B8E572C</key>
		<dict>
			<key>buildActionMask</key>
			<string>2147483647</string>
			<key>files</key>
			<array/>
			<key>inputPaths</key>
			<array/>
			<key>isa</key>
			<string>PBXShellScriptBuildPhase</string>
			<key>name</key>
			<string>Check Pods Manifest.lock</string>
			<key>outputPaths</key>
			<array/>
			<key>runOnlyForDeploymentPostprocessing</key>
			<string>0</string>
			<key>shellPath</key>
			<string>/bin/sh</string>
			<key>shellScript</key>
			<string>diff "${PODS_ROOT}/../Podfile.lock" "${PODS_ROOT}/Manifest.lock" &gt; /dev/null
if [[ $? != 0 ]] ; then
    cat &lt;&lt; EOM
error: The sandbox is not in sync with the Podfile.lock. Run 'pod install' or update your CocoaPods installation.
EOM
    exit 1
fi
</string>
			<key>showEnvVarsInLog</key>
			<string>0</string>
		</dict>
		<key>8328AA981939148D0072E8D6</key>
		<dict>
			<key>children</key>
			<array>
				<string>8328AAAA1939148D0072E8D6</string>
				<string>8328AAC31939148D0072E8D6</string>
				<string>8328AAA31939148D0072E8D6</string>
				<string>8328AAA21939148D0072E8D6</string>
				<string>D0D099911F214337946F612C</string>
			</array>
			<key>isa</key>
			<string>PBXGroup</string>
			<key>sourceTree</key>
			<string>&lt;group&gt;</string>
		</dict>
		<key>8328AA991939148D0072E8D6</key>
		<dict>
			<key>attributes</key>
			<dict>
				<key>CLASSPREFIX</key>
				<string>DP</string>
				<key>LastUpgradeCheck</key>
				<string>0510</string>
				<key>ORGANIZATIONNAME</key>
				<string>Dr Phillips Center</string>
				<key>TargetAttributes</key>
				<dict>
					<key>8328AABB1939148D0072E8D6</key>
					<dict>
						<key>TestTargetID</key>
						<string>8328AAA01939148D0072E8D6</string>
					</dict>
				</dict>
			</dict>
			<key>buildConfigurationList</key>
			<string>8328AA9C1939148D0072E8D6</string>
			<key>compatibilityVersion</key>
			<string>Xcode 3.2</string>
			<key>developmentRegion</key>
			<string>English</string>
			<key>hasScannedForEncodings</key>
			<string>0</string>
			<key>isa</key>
			<string>PBXProject</string>
			<key>knownRegions</key>
			<array>
				<string>en</string>
			</array>
			<key>mainGroup</key>
			<string>8328AA981939148D0072E8D6</string>
			<key>productRefGroup</key>
			<string>8328AAA21939148D0072E8D6</string>
			<key>projectDirPath</key>
			<string></string>
			<key>projectReferences</key>
			<array/>
			<key>projectRoot</key>
			<string></string>
			<key>targets</key>
			<array>
				<string>8328AAA01939148D0072E8D6</string>
				<string>8328AABB1939148D0072E8D6</string>
			</array>
		</dict>
		<key>8328AA9C1939148D0072E8D6</key>
		<dict>
			<key>buildConfigurations</key>
			<array>
				<string>8328AACB1939148D0072E8D6</string>
				<string>8328AACC1939148D0072E8D6</string>
			</array>
			<key>defaultConfigurationIsVisible</key>
			<string>0</string>
			<key>defaultConfigurationName</key>
			<string>Release</string>
			<key>isa</key>
			<string>XCConfigurationList</string>
		</dict>
		<key>8328AA9D1939148D0072E8D6</key>
		<dict>
			<key>buildActionMask</key>
			<string>2147483647</string>
			<key>files</key>
			<array>
				<string>8328AAB11939148D0072E8D6</string>
				<string>8369534B193942B600EC3ED6</string>
				<string>8328AAB51939148D0072E8D6</string>
				<string>836953481939423000EC3ED6</string>
			</array>
			<key>isa</key>
			<string>PBXSourcesBuildPhase</string>
			<key>runOnlyForDeploymentPostprocessing</key>
			<string>0</string>
		</dict>
		<key>8328AA9E1939148D0072E8D6</key>
		<dict>
			<key>buildActionMask</key>
			<string>2147483647</string>
			<key>files</key>
			<array>
				<string>83CED8DD193938AA00662E72</string>
				<string>8328AAA71939148D0072E8D6</string>
				<string>8328AAA91939148D0072E8D6</string>
				<string>8328AAA51939148D0072E8D6</string>
				<string>38F1A41ADE474A7E979DC6E1</string>
			</array>
			<key>isa</key>
			<string>PBXFrameworksBuildPhase</string>
			<key>runOnlyForDeploymentPostprocessing</key>
			<string>0</string>
		</dict>
		<key>8328AA9F1939148D0072E8D6</key>
		<dict>
			<key>buildActionMask</key>
			<string>2147483647</string>
			<key>files</key>
			<array>
				<string>83CED8DB1939170900662E72</string>
				<string>8328AAAF1939148D0072E8D6</string>
				<string>8328AAB71939148D0072E8D6</string>
			</array>
			<key>isa</key>
			<string>PBXResourcesBuildPhase</string>
			<key>runOnlyForDeploymentPostprocessing</key>
			<string>0</string>
		</dict>
		<key>8328AAA01939148D0072E8D6</key>
		<dict>
			<key>buildConfigurationList</key>
			<string>8328AACD1939148D0072E8D6</string>
			<key>buildPhases</key>
			<array>
				<string>7B7385F259BE442C8B8E572C</string>
				<string>8328AA9D1939148D0072E8D6</string>
				<string>8328AA9E1939148D0072E8D6</string>
				<string>8328AA9F1939148D0072E8D6</string>
				<string>C20AF875FB7349CFB99A7322</string>
			</array>
			<key>buildRules</key>
			<array/>
			<key>dependencies</key>
			<array/>
			<key>isa</key>
			<string>PBXNativeTarget</string>
			<key>name</key>
			<string>Drink App</string>
			<key>productName</key>
			<string>Drink App</string>
			<key>productReference</key>
			<string>8328AAA11939148D0072E8D6</string>
			<key>productType</key>
			<string>com.apple.product-type.application</string>
		</dict>
		<key>8328AAA11939148D0072E8D6</key>
		<dict>
			<key>explicitFileType</key>
			<string>wrapper.application</string>
			<key>includeInIndex</key>
			<string>0</string>
			<key>isa</key>
			<string>PBXFileReference</string>
			<key>path</key>
			<string>Drink App.app</string>
			<key>sourceTree</key>
			<string>BUILT_PRODUCTS_DIR</string>
		</dict>
		<key>8328AAA21939148D0072E8D6</key>
		<dict>
			<key>children</key>
			<array>
				<string>8328AAA11939148D0072E8D6</string>
				<string>8328AABC1939148D0072E8D6</string>
			</array>
			<key>isa</key>
			<string>PBXGroup</string>
			<key>name</key>
			<string>Products</string>
			<key>sourceTree</key>
			<string>&lt;group&gt;</string>
		</dict>
		<key>8328AAA31939148D0072E8D6</key>
		<dict>
			<key>children</key>
			<array>
				<string>83CED8DE193938B100662E72</string>
				<string>83CED8DC193938AA00662E72</string>
				<string>8328AAA41939148D0072E8D6</string>
				<string>8328AAA61939148D0072E8D6</string>
				<string>8328AAA81939148D0072E8D6</string>
				<string>8328AABD1939148D0072E8D6</string>
				<string>9B9AB3CA1FBF45C8AD4C0DFC</string>
			</array>
			<key>isa</key>
			<string>PBXGroup</string>
			<key>name</key>
			<string>Frameworks</string>
			<key>sourceTree</key>
			<string>&lt;group&gt;</string>
		</dict>
		<key>8328AAA41939148D0072E8D6</key>
		<dict>
			<key>isa</key>
			<string>PBXFileReference</string>
			<key>lastKnownFileType</key>
			<string>wrapper.framework</string>
			<key>name</key>
			<string>Foundation.framework</string>
			<key>path</key>
			<string>System/Library/Frameworks/Foundation.framework</string>
			<key>sourceTree</key>
			<string>SDKROOT</string>
		</dict>
		<key>8328AAA51939148D0072E8D6</key>
		<dict>
			<key>fileRef</key>
			<string>8328AAA41939148D0072E8D6</string>
			<key>isa</key>
			<string>PBXBuildFile</string>
		</dict>
		<key>8328AAA61939148D0072E8D6</key>
		<dict>
			<key>isa</key>
			<string>PBXFileReference</string>
			<key>lastKnownFileType</key>
			<string>wrapper.framework</string>
			<key>name</key>
			<string>CoreGraphics.framework</string>
			<key>path</key>
			<string>System/Library/Frameworks/CoreGraphics.framework</string>
			<key>sourceTree</key>
			<string>SDKROOT</string>
		</dict>
		<key>8328AAA71939148D0072E8D6</key>
		<dict>
			<key>fileRef</key>
			<string>8328AAA61939148D0072E8D6</string>
			<key>isa</key>
			<string>PBXBuildFile</string>
		</dict>
		<key>8328AAA81939148D0072E8D6</key>
		<dict>
			<key>isa</key>
			<string>PBXFileReference</string>
			<key>lastKnownFileType</key>
			<string>wrapper.framework</string>
			<key>name</key>
			<string>UIKit.framework</string>
			<key>path</key>
			<string>System/Library/Frameworks/UIKit.framework</string>
			<key>sourceTree</key>
			<string>SDKROOT</string>
		</dict>
		<key>8328AAA91939148D0072E8D6</key>
		<dict>
			<key>fileRef</key>
			<string>8328AAA81939148D0072E8D6</string>
			<key>isa</key>
			<string>PBXBuildFile</string>
		</dict>
		<key>8328AAAA1939148D0072E8D6</key>
		<dict>
			<key>children</key>
			<array>
				<string>8328AAAB1939148D0072E8D6</string>
				<string>836953431939411300EC3ED6</string>
				<string>836953441939415400EC3ED6</string>
				<string>836953451939415900EC3ED6</string>
			</array>
			<key>isa</key>
			<string>PBXGroup</string>
			<key>path</key>
			<string>Drink App</string>
			<key>sourceTree</key>
			<string>&lt;group&gt;</string>
		</dict>
		<key>8328AAAB1939148D0072E8D6</key>
		<dict>
			<key>children</key>
			<array>
				<string>8328AAB31939148D0072E8D6</string>
				<string>8328AAB41939148D0072E8D6</string>
				<string>8328AAAC1939148D0072E8D6</string>
				<string>8328AAAD1939148D0072E8D6</string>
				<string>8328AAB01939148D0072E8D6</string>
				<string>8328AAB21939148D0072E8D6</string>
			</array>
			<key>isa</key>
			<string>PBXGroup</string>
			<key>name</key>
			<string>Application</string>
			<key>sourceTree</key>
			<string>&lt;group&gt;</string>
		</dict>
		<key>8328AAAC1939148D0072E8D6</key>
		<dict>
			<key>isa</key>
			<string>PBXFileReference</string>
			<key>lastKnownFileType</key>
			<string>text.plist.xml</string>
			<key>path</key>
			<string>Drink App-Info.plist</string>
			<key>sourceTree</key>
			<string>&lt;group&gt;</string>
		</dict>
		<key>8328AAAD1939148D0072E8D6</key>
		<dict>
			<key>children</key>
			<array>
				<string>8328AAAE1939148D0072E8D6</string>
			</array>
			<key>isa</key>
			<string>PBXVariantGroup</string>
			<key>name</key>
			<string>InfoPlist.strings</string>
			<key>sourceTree</key>
			<string>&lt;group&gt;</string>
		</dict>
		<key>8328AAAE1939148D0072E8D6</key>
		<dict>
			<key>isa</key>
			<string>PBXFileReference</string>
			<key>lastKnownFileType</key>
			<string>text.plist.strings</string>
			<key>name</key>
			<string>en</string>
			<key>path</key>
			<string>en.lproj/InfoPlist.strings</string>
			<key>sourceTree</key>
			<string>&lt;group&gt;</string>
		</dict>
		<key>8328AAAF1939148D0072E8D6</key>
		<dict>
			<key>fileRef</key>
			<string>8328AAAD1939148D0072E8D6</string>
			<key>isa</key>
			<string>PBXBuildFile</string>
		</dict>
		<key>8328AAB01939148D0072E8D6</key>
		<dict>
			<key>isa</key>
			<string>PBXFileReference</string>
			<key>lastKnownFileType</key>
			<string>sourcecode.c.objc</string>
			<key>path</key>
			<string>main.m</string>
			<key>sourceTree</key>
			<string>&lt;group&gt;</string>
		</dict>
		<key>8328AAB11939148D0072E8D6</key>
		<dict>
			<key>fileRef</key>
			<string>8328AAB01939148D0072E8D6</string>
			<key>isa</key>
			<string>PBXBuildFile</string>
		</dict>
		<key>8328AAB21939148D0072E8D6</key>
		<dict>
			<key>isa</key>
			<string>PBXFileReference</string>
			<key>lastKnownFileType</key>
			<string>sourcecode.c.h</string>
			<key>path</key>
			<string>Drink App-Prefix.pch</string>
			<key>sourceTree</key>
			<string>&lt;group&gt;</string>
		</dict>
		<key>8328AAB31939148D0072E8D6</key>
		<dict>
			<key>isa</key>
			<string>PBXFileReference</string>
			<key>lastKnownFileType</key>
			<string>sourcecode.c.h</string>
			<key>path</key>
			<string>DPAppDelegate.h</string>
			<key>sourceTree</key>
			<string>&lt;group&gt;</string>
		</dict>
		<key>8328AAB41939148D0072E8D6</key>
		<dict>
			<key>isa</key>
			<string>PBXFileReference</string>
			<key>lastKnownFileType</key>
			<string>sourcecode.c.objc</string>
			<key>path</key>
			<string>DPAppDelegate.m</string>
			<key>sourceTree</key>
			<string>&lt;group&gt;</string>
		</dict>
		<key>8328AAB51939148D0072E8D6</key>
		<dict>
			<key>fileRef</key>
			<string>8328AAB41939148D0072E8D6</string>
			<key>isa</key>
			<string>PBXBuildFile</string>
		</dict>
		<key>8328AAB61939148D0072E8D6</key>
		<dict>
			<key>isa</key>
			<string>PBXFileReference</string>
			<key>lastKnownFileType</key>
			<string>folder.assetcatalog</string>
			<key>path</key>
			<string>Images.xcassets</string>
			<key>sourceTree</key>
			<string>&lt;group&gt;</string>
		</dict>
		<key>8328AAB71939148D0072E8D6</key>
		<dict>
			<key>fileRef</key>
			<string>8328AAB61939148D0072E8D6</string>
			<key>isa</key>
			<string>PBXBuildFile</string>
		</dict>
		<key>8328AAB81939148D0072E8D6</key>
		<dict>
			<key>buildActionMask</key>
			<string>2147483647</string>
			<key>files</key>
			<array>
				<string>8328AACA1939148D0072E8D6</string>
			</array>
			<key>isa</key>
			<string>PBXSourcesBuildPhase</string>
			<key>runOnlyForDeploymentPostprocessing</key>
			<string>0</string>
		</dict>
		<key>8328AAB91939148D0072E8D6</key>
		<dict>
			<key>buildActionMask</key>
			<string>2147483647</string>
			<key>files</key>
			<array>
				<string>8328AABE1939148D0072E8D6</string>
				<string>8328AAC01939148D0072E8D6</string>
				<string>8328AABF1939148D0072E8D6</string>
			</array>
			<key>isa</key>
			<string>PBXFrameworksBuildPhase</string>
			<key>runOnlyForDeploymentPostprocessing</key>
			<string>0</string>
		</dict>
		<key>8328AABA1939148D0072E8D6</key>
		<dict>
			<key>buildActionMask</key>
			<string>2147483647</string>
			<key>files</key>
			<array>
				<string>8328AAC81939148D0072E8D6</string>
			</array>
			<key>isa</key>
			<string>PBXResourcesBuildPhase</string>
			<key>runOnlyForDeploymentPostprocessing</key>
			<string>0</string>
		</dict>
		<key>8328AABB1939148D0072E8D6</key>
		<dict>
			<key>buildConfigurationList</key>
			<string>8328AAD01939148D0072E8D6</string>
			<key>buildPhases</key>
			<array>
				<string>8328AAB81939148D0072E8D6</string>
				<string>8328AAB91939148D0072E8D6</string>
				<string>8328AABA1939148D0072E8D6</string>
			</array>
			<key>buildRules</key>
			<array/>
			<key>dependencies</key>
			<array>
				<string>8328AAC21939148D0072E8D6</string>
			</array>
			<key>isa</key>
			<string>PBXNativeTarget</string>
			<key>name</key>
			<string>Drink AppTests</string>
			<key>productName</key>
			<string>Drink AppTests</string>
			<key>productReference</key>
			<string>8328AABC1939148D0072E8D6</string>
			<key>productType</key>
			<string>com.apple.product-type.bundle.unit-test</string>
		</dict>
		<key>8328AABC1939148D0072E8D6</key>
		<dict>
			<key>explicitFileType</key>
			<string>wrapper.cfbundle</string>
			<key>includeInIndex</key>
			<string>0</string>
			<key>isa</key>
			<string>PBXFileReference</string>
			<key>path</key>
			<string>Drink AppTests.xctest</string>
			<key>sourceTree</key>
			<string>BUILT_PRODUCTS_DIR</string>
		</dict>
		<key>8328AABD1939148D0072E8D6</key>
		<dict>
			<key>isa</key>
			<string>PBXFileReference</string>
			<key>lastKnownFileType</key>
			<string>wrapper.framework</string>
			<key>name</key>
			<string>XCTest.framework</string>
			<key>path</key>
			<string>Library/Frameworks/XCTest.framework</string>
			<key>sourceTree</key>
			<string>DEVELOPER_DIR</string>
		</dict>
		<key>8328AABE1939148D0072E8D6</key>
		<dict>
			<key>fileRef</key>
			<string>8328AABD1939148D0072E8D6</string>
			<key>isa</key>
			<string>PBXBuildFile</string>
		</dict>
		<key>8328AABF1939148D0072E8D6</key>
		<dict>
			<key>fileRef</key>
			<string>8328AAA41939148D0072E8D6</string>
			<key>isa</key>
			<string>PBXBuildFile</string>
		</dict>
		<key>8328AAC01939148D0072E8D6</key>
		<dict>
			<key>fileRef</key>
			<string>8328AAA81939148D0072E8D6</string>
			<key>isa</key>
			<string>PBXBuildFile</string>
		</dict>
		<key>8328AAC11939148D0072E8D6</key>
		<dict>
			<key>containerPortal</key>
			<string>8328AA991939148D0072E8D6</string>
			<key>isa</key>
			<string>PBXContainerItemProxy</string>
			<key>proxyType</key>
			<string>1</string>
			<key>remoteGlobalIDString</key>
			<string>8328AAA01939148D0072E8D6</string>
			<key>remoteInfo</key>
			<string>Drink App</string>
		</dict>
		<key>8328AAC21939148D0072E8D6</key>
		<dict>
			<key>isa</key>
			<string>PBXTargetDependency</string>
			<key>target</key>
			<string>8328AAA01939148D0072E8D6</string>
			<key>targetProxy</key>
			<string>8328AAC11939148D0072E8D6</string>
		</dict>
		<key>8328AAC31939148D0072E8D6</key>
		<dict>
			<key>children</key>
			<array>
				<string>8328AAC91939148D0072E8D6</string>
				<string>8328AAC41939148D0072E8D6</string>
			</array>
			<key>isa</key>
			<string>PBXGroup</string>
			<key>path</key>
			<string>Drink AppTests</string>
			<key>sourceTree</key>
			<string>&lt;group&gt;</string>
		</dict>
		<key>8328AAC41939148D0072E8D6</key>
		<dict>
			<key>children</key>
			<array>
				<string>8328AAC51939148D0072E8D6</string>
				<string>8328AAC61939148D0072E8D6</string>
			</array>
			<key>isa</key>
			<string>PBXGroup</string>
			<key>name</key>
			<string>Supporting Files</string>
			<key>sourceTree</key>
			<string>&lt;group&gt;</string>
		</dict>
		<key>8328AAC51939148D0072E8D6</key>
		<dict>
			<key>isa</key>
			<string>PBXFileReference</string>
			<key>lastKnownFileType</key>
			<string>text.plist.xml</string>
			<key>path</key>
			<string>Drink AppTests-Info.plist</string>
			<key>sourceTree</key>
			<string>&lt;group&gt;</string>
		</dict>
		<key>8328AAC61939148D0072E8D6</key>
		<dict>
			<key>children</key>
			<array>
				<string>8328AAC71939148D0072E8D6</string>
			</array>
			<key>isa</key>
			<string>PBXVariantGroup</string>
			<key>name</key>
			<string>InfoPlist.strings</string>
			<key>sourceTree</key>
			<string>&lt;group&gt;</string>
		</dict>
		<key>8328AAC71939148D0072E8D6</key>
		<dict>
			<key>isa</key>
			<string>PBXFileReference</string>
			<key>lastKnownFileType</key>
			<string>text.plist.strings</string>
			<key>name</key>
			<string>en</string>
			<key>path</key>
			<string>en.lproj/InfoPlist.strings</string>
			<key>sourceTree</key>
			<string>&lt;group&gt;</string>
		</dict>
		<key>8328AAC81939148D0072E8D6</key>
		<dict>
			<key>fileRef</key>
			<string>8328AAC61939148D0072E8D6</string>
			<key>isa</key>
			<string>PBXBuildFile</string>
		</dict>
		<key>8328AAC91939148D0072E8D6</key>
		<dict>
			<key>isa</key>
			<string>PBXFileReference</string>
			<key>lastKnownFileType</key>
			<string>sourcecode.c.objc</string>
			<key>path</key>
			<string>Drink_AppTests.m</string>
			<key>sourceTree</key>
			<string>&lt;group&gt;</string>
		</dict>
		<key>8328AACA1939148D0072E8D6</key>
		<dict>
			<key>fileRef</key>
			<string>8328AAC91939148D0072E8D6</string>
			<key>isa</key>
			<string>PBXBuildFile</string>
		</dict>
		<key>8328AACB1939148D0072E8D6</key>
		<dict>
			<key>buildSettings</key>
			<dict>
				<key>ALWAYS_SEARCH_USER_PATHS</key>
				<string>NO</string>
				<key>CLANG_CXX_LANGUAGE_STANDARD</key>
				<string>gnu++0x</string>
				<key>CLANG_CXX_LIBRARY</key>
				<string>libc++</string>
				<key>CLANG_ENABLE_MODULES</key>
				<string>YES</string>
				<key>CLANG_ENABLE_OBJC_ARC</key>
				<string>YES</string>
				<key>CLANG_WARN_BOOL_CONVERSION</key>
				<string>YES</string>
				<key>CLANG_WARN_CONSTANT_CONVERSION</key>
				<string>YES</string>
				<key>CLANG_WARN_DIRECT_OBJC_ISA_USAGE</key>
				<string>YES_ERROR</string>
				<key>CLANG_WARN_EMPTY_BODY</key>
				<string>YES</string>
				<key>CLANG_WARN_ENUM_CONVERSION</key>
				<string>YES</string>
				<key>CLANG_WARN_INT_CONVERSION</key>
				<string>YES</string>
				<key>CLANG_WARN_OBJC_ROOT_CLASS</key>
				<string>YES_ERROR</string>
				<key>CLANG_WARN__DUPLICATE_METHOD_MATCH</key>
				<string>YES</string>
				<key>CODE_SIGN_IDENTITY[sdk=iphoneos*]</key>
				<string>iPhone Developer</string>
				<key>COPY_PHASE_STRIP</key>
				<string>NO</string>
				<key>GCC_C_LANGUAGE_STANDARD</key>
				<string>gnu99</string>
				<key>GCC_DYNAMIC_NO_PIC</key>
				<string>NO</string>
				<key>GCC_OPTIMIZATION_LEVEL</key>
				<string>0</string>
				<key>GCC_PREPROCESSOR_DEFINITIONS</key>
				<array>
					<string>DEBUG=1</string>
					<string>$(inherited)</string>
				</array>
				<key>GCC_SYMBOLS_PRIVATE_EXTERN</key>
				<string>NO</string>
				<key>GCC_WARN_64_TO_32_BIT_CONVERSION</key>
				<string>YES</string>
				<key>GCC_WARN_ABOUT_RETURN_TYPE</key>
				<string>YES_ERROR</string>
				<key>GCC_WARN_UNDECLARED_SELECTOR</key>
				<string>YES</string>
				<key>GCC_WARN_UNINITIALIZED_AUTOS</key>
				<string>YES_AGGRESSIVE</string>
				<key>GCC_WARN_UNUSED_FUNCTION</key>
				<string>YES</string>
				<key>GCC_WARN_UNUSED_VARIABLE</key>
				<string>YES</string>
				<key>IPHONEOS_DEPLOYMENT_TARGET</key>
				<string>7.1</string>
				<key>ONLY_ACTIVE_ARCH</key>
				<string>YES</string>
				<key>SDKROOT</key>
				<string>iphoneos</string>
			</dict>
			<key>isa</key>
			<string>XCBuildConfiguration</string>
			<key>name</key>
			<string>Debug</string>
		</dict>
		<key>8328AACC1939148D0072E8D6</key>
		<dict>
			<key>buildSettings</key>
			<dict>
				<key>ALWAYS_SEARCH_USER_PATHS</key>
				<string>NO</string>
				<key>CLANG_CXX_LANGUAGE_STANDARD</key>
				<string>gnu++0x</string>
				<key>CLANG_CXX_LIBRARY</key>
				<string>libc++</string>
				<key>CLANG_ENABLE_MODULES</key>
				<string>YES</string>
				<key>CLANG_ENABLE_OBJC_ARC</key>
				<string>YES</string>
				<key>CLANG_WARN_BOOL_CONVERSION</key>
				<string>YES</string>
				<key>CLANG_WARN_CONSTANT_CONVERSION</key>
				<string>YES</string>
				<key>CLANG_WARN_DIRECT_OBJC_ISA_USAGE</key>
				<string>YES_ERROR</string>
				<key>CLANG_WARN_EMPTY_BODY</key>
				<string>YES</string>
				<key>CLANG_WARN_ENUM_CONVERSION</key>
				<string>YES</string>
				<key>CLANG_WARN_INT_CONVERSION</key>
				<string>YES</string>
				<key>CLANG_WARN_OBJC_ROOT_CLASS</key>
				<string>YES_ERROR</string>
				<key>CLANG_WARN__DUPLICATE_METHOD_MATCH</key>
				<string>YES</string>
				<key>CODE_SIGN_IDENTITY[sdk=iphoneos*]</key>
				<string>iPhone Developer</string>
				<key>COPY_PHASE_STRIP</key>
				<string>YES</string>
				<key>ENABLE_NS_ASSERTIONS</key>
				<string>NO</string>
				<key>GCC_C_LANGUAGE_STANDARD</key>
				<string>gnu99</string>
				<key>GCC_WARN_64_TO_32_BIT_CONVERSION</key>
				<string>YES</string>
				<key>GCC_WARN_ABOUT_RETURN_TYPE</key>
				<string>YES_ERROR</string>
				<key>GCC_WARN_UNDECLARED_SELECTOR</key>
				<string>YES</string>
				<key>GCC_WARN_UNINITIALIZED_AUTOS</key>
				<string>YES_AGGRESSIVE</string>
				<key>GCC_WARN_UNUSED_FUNCTION</key>
				<string>YES</string>
				<key>GCC_WARN_UNUSED_VARIABLE</key>
				<string>YES</string>
				<key>IPHONEOS_DEPLOYMENT_TARGET</key>
				<string>7.1</string>
				<key>SDKROOT</key>
				<string>iphoneos</string>
				<key>VALIDATE_PRODUCT</key>
				<string>YES</string>
			</dict>
			<key>isa</key>
			<string>XCBuildConfiguration</string>
			<key>name</key>
			<string>Release</string>
		</dict>
		<key>8328AACD1939148D0072E8D6</key>
		<dict>
			<key>buildConfigurations</key>
			<array>
				<string>8328AACE1939148D0072E8D6</string>
				<string>8328AACF1939148D0072E8D6</string>
			</array>
			<key>defaultConfigurationIsVisible</key>
			<string>0</string>
			<key>defaultConfigurationName</key>
			<string>Release</string>
			<key>isa</key>
			<string>XCConfigurationList</string>
		</dict>
		<key>8328AACE1939148D0072E8D6</key>
		<dict>
			<key>baseConfigurationReference</key>
			<string>D0D099911F214337946F612C</string>
			<key>buildSettings</key>
			<dict>
				<key>ASSETCATALOG_COMPILER_APPICON_NAME</key>
				<string>AppIcon</string>
				<key>ASSETCATALOG_COMPILER_LAUNCHIMAGE_NAME</key>
				<string>LaunchImage</string>
				<key>GCC_PRECOMPILE_PREFIX_HEADER</key>
				<string>YES</string>
				<key>GCC_PREFIX_HEADER</key>
				<string>Drink App/Drink App-Prefix.pch</string>
				<key>INFOPLIST_FILE</key>
				<string>Drink App/Drink App-Info.plist</string>
				<key>PRODUCT_NAME</key>
				<string>$(TARGET_NAME)</string>
				<key>WRAPPER_EXTENSION</key>
				<string>app</string>
			</dict>
			<key>isa</key>
			<string>XCBuildConfiguration</string>
			<key>name</key>
			<string>Debug</string>
		</dict>
		<key>8328AACF1939148D0072E8D6</key>
		<dict>
			<key>baseConfigurationReference</key>
			<string>D0D099911F214337946F612C</string>
			<key>buildSettings</key>
			<dict>
				<key>ASSETCATALOG_COMPILER_APPICON_NAME</key>
				<string>AppIcon</string>
				<key>ASSETCATALOG_COMPILER_LAUNCHIMAGE_NAME</key>
				<string>LaunchImage</string>
				<key>GCC_PRECOMPILE_PREFIX_HEADER</key>
				<string>YES</string>
				<key>GCC_PREFIX_HEADER</key>
				<string>Drink App/Drink App-Prefix.pch</string>
				<key>INFOPLIST_FILE</key>
				<string>Drink App/Drink App-Info.plist</string>
				<key>PRODUCT_NAME</key>
				<string>$(TARGET_NAME)</string>
				<key>WRAPPER_EXTENSION</key>
				<string>app</string>
			</dict>
			<key>isa</key>
			<string>XCBuildConfiguration</string>
			<key>name</key>
			<string>Release</string>
		</dict>
		<key>8328AAD01939148D0072E8D6</key>
		<dict>
			<key>buildConfigurations</key>
			<array>
				<string>8328AAD11939148D0072E8D6</string>
				<string>8328AAD21939148D0072E8D6</string>
			</array>
			<key>defaultConfigurationIsVisible</key>
			<string>0</string>
			<key>defaultConfigurationName</key>
			<string>Release</string>
			<key>isa</key>
			<string>XCConfigurationList</string>
		</dict>
		<key>8328AAD11939148D0072E8D6</key>
		<dict>
			<key>buildSettings</key>
			<dict>
				<key>BUNDLE_LOADER</key>
				<string>$(BUILT_PRODUCTS_DIR)/Drink App.app/Drink App</string>
				<key>FRAMEWORK_SEARCH_PATHS</key>
				<array>
					<string>$(SDKROOT)/Developer/Library/Frameworks</string>
					<string>$(inherited)</string>
					<string>$(DEVELOPER_FRAMEWORKS_DIR)</string>
				</array>
				<key>GCC_PRECOMPILE_PREFIX_HEADER</key>
				<string>YES</string>
				<key>GCC_PREFIX_HEADER</key>
				<string>Drink App/Drink App-Prefix.pch</string>
				<key>GCC_PREPROCESSOR_DEFINITIONS</key>
				<array>
					<string>DEBUG=1</string>
					<string>$(inherited)</string>
				</array>
				<key>INFOPLIST_FILE</key>
				<string>Drink AppTests/Drink AppTests-Info.plist</string>
				<key>PRODUCT_NAME</key>
				<string>$(TARGET_NAME)</string>
				<key>TEST_HOST</key>
				<string>$(BUNDLE_LOADER)</string>
				<key>WRAPPER_EXTENSION</key>
				<string>xctest</string>
			</dict>
			<key>isa</key>
			<string>XCBuildConfiguration</string>
			<key>name</key>
			<string>Debug</string>
		</dict>
		<key>8328AAD21939148D0072E8D6</key>
		<dict>
			<key>buildSettings</key>
			<dict>
				<key>BUNDLE_LOADER</key>
				<string>$(BUILT_PRODUCTS_DIR)/Drink App.app/Drink App</string>
				<key>FRAMEWORK_SEARCH_PATHS</key>
				<array>
					<string>$(SDKROOT)/Developer/Library/Frameworks</string>
					<string>$(inherited)</string>
					<string>$(DEVELOPER_FRAMEWORKS_DIR)</string>
				</array>
				<key>GCC_PRECOMPILE_PREFIX_HEADER</key>
				<string>YES</string>
				<key>GCC_PREFIX_HEADER</key>
				<string>Drink App/Drink App-Prefix.pch</string>
				<key>INFOPLIST_FILE</key>
				<string>Drink AppTests/Drink AppTests-Info.plist</string>
				<key>PRODUCT_NAME</key>
				<string>$(TARGET_NAME)</string>
				<key>TEST_HOST</key>
				<string>$(BUNDLE_LOADER)</string>
				<key>WRAPPER_EXTENSION</key>
				<string>xctest</string>
			</dict>
			<key>isa</key>
			<string>XCBuildConfiguration</string>
			<key>name</key>
			<string>Release</string>
		</dict>
		<key>836953431939411300EC3ED6</key>
		<dict>
			<key>children</key>
			<array>
				<string>83CED8DA1939170900662E72</string>
				<string>836953461939423000EC3ED6</string>
				<string>836953471939423000EC3ED6</string>
			</array>
			<key>isa</key>
			<string>PBXGroup</string>
			<key>name</key>
			<string>Controllers</string>
			<key>sourceTree</key>
			<string>&lt;group&gt;</string>
		</dict>
		<key>836953441939415400EC3ED6</key>
		<dict>
			<key>children</key>
			<array>
				<string>83695349193942B600EC3ED6</string>
			</array>
			<key>isa</key>
			<string>PBXGroup</string>
			<key>name</key>
			<string>Models</string>
			<key>sourceTree</key>
			<string>&lt;group&gt;</string>
		</dict>
		<key>836953451939415900EC3ED6</key>
		<dict>
			<key>children</key>
			<array>
				<string>8328AAB61939148D0072E8D6</string>
			</array>
			<key>isa</key>
			<string>PBXGroup</string>
			<key>name</key>
			<string>Resources</string>
			<key>sourceTree</key>
			<string>&lt;group&gt;</string>
		</dict>
		<key>836953461939423000EC3ED6</key>
		<dict>
			<key>fileEncoding</key>
			<string>4</string>
			<key>isa</key>
			<string>PBXFileReference</string>
			<key>lastKnownFileType</key>
			<string>sourcecode.c.h</string>
			<key>path</key>
			<string>DPRootViewController.h</string>
			<key>sourceTree</key>
			<string>&lt;group&gt;</string>
		</dict>
		<key>836953471939423000EC3ED6</key>
		<dict>
			<key>fileEncoding</key>
			<string>4</string>
			<key>isa</key>
			<string>PBXFileReference</string>
			<key>lastKnownFileType</key>
			<string>sourcecode.c.objc</string>
			<key>path</key>
			<string>DPRootViewController.m</string>
			<key>sourceTree</key>
			<string>&lt;group&gt;</string>
		</dict>
		<key>836953481939423000EC3ED6</key>
		<dict>
			<key>fileRef</key>
			<string>836953471939423000EC3ED6</string>
			<key>isa</key>
			<string>PBXBuildFile</string>
		</dict>
		<key>83695349193942B600EC3ED6</key>
		<dict>
			<key>children</key>
			<array>
				<string>8369534A193942B600EC3ED6</string>
			</array>
			<key>currentVersion</key>
			<string>8369534A193942B600EC3ED6</string>
			<key>isa</key>
			<string>XCVersionGroup</string>
			<key>path</key>
			<string>DPData.xcdatamodeld</string>
			<key>sourceTree</key>
			<string>&lt;group&gt;</string>
			<key>versionGroupType</key>
			<string>wrapper.xcdatamodel</string>
		</dict>
		<key>8369534A193942B600EC3ED6</key>
		<dict>
			<key>isa</key>
			<string>PBXFileReference</string>
			<key>lastKnownFileType</key>
			<string>wrapper.xcdatamodel</string>
			<key>path</key>
			<string>DPData.xcdatamodel</string>
			<key>sourceTree</key>
			<string>&lt;group&gt;</string>
		</dict>
		<key>8369534B193942B600EC3ED6</key>
		<dict>
			<key>fileRef</key>
			<string>83695349193942B600EC3ED6</string>
			<key>isa</key>
			<string>PBXBuildFile</string>
		</dict>
		<key>83CED8DA1939170900662E72</key>
		<dict>
			<key>fileEncoding</key>
			<string>4</string>
			<key>isa</key>
			<string>PBXFileReference</string>
			<key>lastKnownFileType</key>
			<string>file.storyboard</string>
			<key>path</key>
			<string>Main.storyboard</string>
			<key>sourceTree</key>
			<string>&lt;group&gt;</string>
		</dict>
		<key>83CED8DB1939170900662E72</key>
		<dict>
			<key>fileRef</key>
			<string>83CED8DA1939170900662E72</string>
			<key>isa</key>
			<string>PBXBuildFile</string>
		</dict>
		<key>83CED8DC193938AA00662E72</key>
		<dict>
			<key>isa</key>
			<string>PBXFileReference</string>
			<key>lastKnownFileType</key>
			<string>wrapper.framework</string>
			<key>name</key>
			<string>CoreLocation.framework</string>
			<key>path</key>
			<string>System/Library/Frameworks/CoreLocation.framework</string>
			<key>sourceTree</key>
			<string>SDKROOT</string>
		</dict>
		<key>83CED8DD193938AA00662E72</key>
		<dict>
			<key>fileRef</key>
			<string>83CED8DC193938AA00662E72</string>
			<key>isa</key>
			<string>PBXBuildFile</string>
		</dict>
		<key>83CED8DE193938B100662E72</key>
		<dict>
			<key>isa</key>
			<string>PBXFileReference</string>
			<key>lastKnownFileType</key>
			<string>wrapper.framework</string>
			<key>name</key>
			<string>CoreBluetooth.framework</string>
			<key>path</key>
			<string>System/Library/Frameworks/CoreBluetooth.framework</string>
			<key>sourceTree</key>
			<string>SDKROOT</string>
		</dict>
		<key>9B9AB3CA1FBF45C8AD4C0DFC</key>
		<dict>
			<key>explicitFileType</key>
			<string>archive.ar</string>
			<key>includeInIndex</key>
			<string>0</string>
			<key>isa</key>
			<string>PBXFileReference</string>
			<key>path</key>
			<string>libPods.a</string>
			<key>sourceTree</key>
			<string>BUILT_PRODUCTS_DIR</string>
		</dict>
		<key>C20AF875FB7349CFB99A7322</key>
		<dict>
			<key>buildActionMask</key>
			<string>2147483647</string>
			<key>files</key>
			<array/>
			<key>inputPaths</key>
			<array/>
			<key>isa</key>
			<string>PBXShellScriptBuildPhase</string>
			<key>name</key>
			<string>Copy Pods Resources</string>
			<key>outputPaths</key>
			<array/>
			<key>runOnlyForDeploymentPostprocessing</key>
			<string>0</string>
			<key>shellPath</key>
			<string>/bin/sh</string>
			<key>shellScript</key>
			<string>"${SRCROOT}/Pods/Pods-resources.sh"
</string>
			<key>showEnvVarsInLog</key>
			<string>0</string>
		</dict>
		<key>D0D099911F214337946F612C</key>
		<dict>
			<key>includeInIndex</key>
			<string>1</string>
			<key>isa</key>
			<string>PBXFileReference</string>
			<key>lastKnownFileType</key>
			<string>text.xcconfig</string>
			<key>name</key>
			<string>Pods.xcconfig</string>
			<key>path</key>
			<string>Pods/Pods.xcconfig</string>
			<key>sourceTree</key>
			<string>&lt;group&gt;</string>
		</dict>
	</dict>
	<key>rootObject</key>
	<string>8328AA991939148D0072E8D6</string>
</dict>
</plist>
